
Microsoft Visual Studio Solution File, Format Version 12.00
# Visual Studio Version 16
VisualStudioVersion = 16.0.30104.148
MinimumVisualStudioVersion = 10.0.40219.1
Project("{9A19103F-16F7-4668-BE54-9A1E7A4F7556}") = "ConsoleApp1", "ConsoleApp1\ConsoleApp1.csproj", "{D4CC88CB-28EC-4615-9F14-7E74CBF5AB0D}"
EndProject
Project("{FAE04EC0-301F-11D3-BF4B-00C04F79EFBC}") = "ConsoleApp2", "ConsoleApp2\ConsoleApp2.csproj", "{C9F158DE-4D64-46FC-B241-144DF87856BA}"
EndProject
Global
	GlobalSection(SolutionConfigurationPlatforms) = preSolution
		Debug|Any CPU = Debug|Any CPU
		Release|Any CPU = Release|Any CPU
	EndGlobalSection
	GlobalSection(ProjectConfigurationPlatforms) = postSolution
		{D4CC88CB-28EC-4615-9F14-7E74CBF5AB0D}.Debug|Any CPU.ActiveCfg = Debug|Any CPU
		{D4CC88CB-28EC-4615-9F14-7E74CBF5AB0D}.Debug|Any CPU.Build.0 = Debug|Any CPU
		{D4CC88CB-28EC-4615-9F14-7E74CBF5AB0D}.Release|Any CPU.ActiveCfg = Release|Any CPU
		{D4CC88CB-28EC-4615-9F14-7E74CBF5AB0D}.Release|Any CPU.Build.0 = Release|Any CPU
		{C9F158DE-4D64-46FC-B241-144DF87856BA}.Debug|Any CPU.ActiveCfg = Debug|Any CPU
		{C9F158DE-4D64-46FC-B241-144DF87856BA}.Debug|Any CPU.Build.0 = Debug|Any CPU
		{C9F158DE-4D64-46FC-B241-144DF87856BA}.Release|Any CPU.ActiveCfg = Release|Any CPU
		{C9F158DE-4D64-46FC-B241-144DF87856BA}.Release|Any CPU.Build.0 = Release|Any CPU
	EndGlobalSection
	GlobalSection(SolutionProperties) = preSolution
		HideSolutionNode = FALSE
	EndGlobalSection
	GlobalSection(ExtensibilityGlobals) = postSolution
		SolutionGuid = {769FDBAE-ED19-4785-8612-52ADE3F449B5}
	EndGlobalSection
EndGlobal
